{
  "object": {
    "pins": [
      {
        "package": "EagerOrLazy",
        "repositoryURL": "https://github.com/jeremyabannister/EagerOrLazy",
        "state": {
          "branch": null,
          "revision": "ad7dfa8bd290f2cafaba3b12967b264fc69fd1df",
          "version": "0.1.0"
        }
      },
      {
        "package": "ErrorMessage",
        "repositoryURL": "https://github.com/jeremyabannister/ErrorMessage",
        "state": {
          "branch": null,
          "revision": "1468d23676022016c33870feb501b29939ff5722",
          "version": "0.1.1"
        }
      },
      {
        "package": "ExpressionErgonomics",
        "repositoryURL": "https://github.com/jeremyabannister/ExpressionErgonomics",
        "state": {
          "branch": null,
          "revision": "07cb1cceee8ec7f6d871855bcda6d6ab9b4043c8",
          "version": "0.2.0"
        }
      },
      {
        "package": "FoundationToolkit",
        "repositoryURL": "https://github.com/jeremyabannister/FoundationToolkit",
        "state": {
          "branch": null,
          "revision": "5b71baec8760a017164c0fe7bb86c5aec327712b",
          "version": "0.1.5"
        }
      },
      {
        "package": "ProperValueType",
        "repositoryURL": "https://github.com/jeremyabannister/ProperValueType",
        "state": {
          "branch": null,
          "revision": "fff4702852d0658676da1896c93625e7ff4b0f7d",
          "version": "0.1.0"
        }
      },
      {
        "package": "ReferenceType",
        "repositoryURL": "https://github.com/jeremyabannister/ReferenceType",
        "state": {
          "branch": null,
          "revision": "df906ebeb31f2de16e3cf6b0bc38dc903fee8361",
          "version": "0.1.1"
        }
      },
      {
        "package": "Testable",
        "repositoryURL": "https://github.com/jeremyabannister/Testable",
        "state": {
          "branch": null,
          "revision": "5eb6bfd344bbf0fea93cf59027a13dcb52825a47",
          "version": "0.1.2"
        }
      },
      {
        "package": "VerboseEquatable",
        "repositoryURL": "https://github.com/jeremyabannister/VerboseEquatable",
        "state": {
          "branch": null,
          "revision": "1cc7ee4342ab5b5f6c1a2e6581fee21d2fb5ea42",
          "version": "0.1.4"
        }
      },
      {
        "package": "XCTestToolkit",
        "repositoryURL": "https://github.com/jeremyabannister/XCTestToolkit",
        "state": {
          "branch": null,
          "revision": "12e9e9cb6ae61489a5e872b7e086db9b03f2ea2e",
          "version": "0.1.2"
        }
      }
    ]
  },
  "version": 1
}
